
Microsoft Visual Studio Solution File, Format Version 12.00
# Visual Studio Version 17
VisualStudioVersion = 17.9.34714.143
MinimumVisualStudioVersion = 10.0.40219.1
Project("{FAE04EC0-301F-11D3-BF4B-00C04F79EFBC}") = "Baekjoon_History_Csharp", "Baekjoon_History_Csharp.csproj", "{D04A1CE9-503A-48E1-8A43-F9FC52B90728}"
EndProject
Global
	GlobalSection(SolutionConfigurationPlatforms) = preSolution
		Debug|Any CPU = Debug|Any CPU
		Release|Any CPU = Release|Any CPU
	EndGlobalSection
	GlobalSection(ProjectConfigurationPlatforms) = postSolution
		{D04A1CE9-503A-48E1-8A43-F9FC52B90728}.Debug|Any CPU.ActiveCfg = Debug|Any CPU
		{D04A1CE9-503A-48E1-8A43-F9FC52B90728}.Debug|Any CPU.Build.0 = Debug|Any CPU
		{D04A1CE9-503A-48E1-8A43-F9FC52B90728}.Release|Any CPU.ActiveCfg = Release|Any CPU
		{D04A1CE9-503A-48E1-8A43-F9FC52B90728}.Release|Any CPU.Build.0 = Release|Any CPU
	EndGlobalSection
	GlobalSection(SolutionProperties) = preSolution
		HideSolutionNode = FALSE
	EndGlobalSection
	GlobalSection(ExtensibilityGlobals) = postSolution
		SolutionGuid = {ABB0DC7A-16F1-4983-9C8D-4A047F8159C7}
	EndGlobalSection
EndGlobal
